
Microsoft Visual Studio Solution File, Format Version 12.00
# Visual Studio Version 17
VisualStudioVersion = 17.5.33424.131
MinimumVisualStudioVersion = 10.0.40219.1
Project("{FAE04EC0-301F-11D3-BF4B-00C04F79EFBC}") = "WindowsFormsApp1", "WindowsFormsApp1.csproj", "{D316B855-70D7-4E4D-87A1-AB021C875BD0}"
EndProject
Global
	GlobalSection(SolutionConfigurationPlatforms) = preSolution
		Debug|Any CPU = Debug|Any CPU
		Release|Any CPU = Release|Any CPU
	EndGlobalSection
	GlobalSection(ProjectConfigurationPlatforms) = postSolution
		{D316B855-70D7-4E4D-87A1-AB021C875BD0}.Debug|Any CPU.ActiveCfg = Debug|Any CPU
		{D316B855-70D7-4E4D-87A1-AB021C875BD0}.Debug|Any CPU.Build.0 = Debug|Any CPU
		{D316B855-70D7-4E4D-87A1-AB021C875BD0}.Release|Any CPU.ActiveCfg = Release|Any CPU
		{D316B855-70D7-4E4D-87A1-AB021C875BD0}.Release|Any CPU.Build.0 = Release|Any CPU
	EndGlobalSection
	GlobalSection(SolutionProperties) = preSolution
		HideSolutionNode = FALSE
	EndGlobalSection
	GlobalSection(ExtensibilityGlobals) = postSolution
		SolutionGuid = {929DC05A-24CE-4EAD-9FFA-67F97389E5F0}
	EndGlobalSection
EndGlobal
